
Microsoft Visual Studio Solution File, Format Version 12.00
# Visual Studio Version 16
VisualStudioVersion = 16.0.29609.76
MinimumVisualStudioVersion = 15.0.26124.0
Project("{9A19103F-16F7-4668-BE54-9A1E7A4F7556}") = "PersonalPortfolio.Shared.Core", "PersonalPortfolio.Shared.Core\PersonalPortfolio.Shared.Core.csproj", "{0F23DEF7-1AC3-4787-918D-D290EE60C24F}"
EndProject
Project("{9A19103F-16F7-4668-BE54-9A1E7A4F7556}") = "PersonalPortfolio.Shared.Storage", "PersonalPortfolio.Shared.Storage\PersonalPortfolio.Shared.Storage.csproj", "{535EEB54-B1B2-4727-8647-958BD5CA8BFD}"
EndProject
Project("{9A19103F-16F7-4668-BE54-9A1E7A4F7556}") = "PersonalPortfolio.Shared.Abstractions", "PersonalPortfolio.Shared.Abstractions\PersonalPortfolio.Shared.Abstractions.csproj", "{A3E1D995-5E61-40E4-A28A-7F4924682995}"
EndProject
Project("{9A19103F-16F7-4668-BE54-9A1E7A4F7556}") = "PersonalPortfolio.Tests", "PersonalPortfolio.Tests\PersonalPortfolio.Tests.csproj", "{3B961518-A762-43DB-9766-C31808163A31}"
EndProject
Project("{9A19103F-16F7-4668-BE54-9A1E7A4F7556}") = "PersonalPortfolio.RatesLoader", "PersonalPortfolio.RatesLoader\PersonalPortfolio.RatesLoader.csproj", "{6FD67859-80D1-41DA-8716-8178B4F0DDFB}"
EndProject
Project("{9A19103F-16F7-4668-BE54-9A1E7A4F7556}") = "PersonalPortfolio.Shared.Storage.Sqlite", "PersonalPortfolio.Shared.Storage.Sqlite\PersonalPortfolio.Shared.Storage.Sqlite.csproj", "{EDF364C4-2376-4D3C-BC09-D295DFB0DCA2}"
EndProject
Project("{9A19103F-16F7-4668-BE54-9A1E7A4F7556}") = "PersonalPortfolio.Shared.Storage.SqlServer", "PersonalPortfolio.Shared.Storage.SqlServer\PersonalPortfolio.Shared.Storage.SqlServer.csproj", "{24DD98BE-7A47-46B6-BFBB-E2E95BEDF0BD}"
EndProject
Project("{9A19103F-16F7-4668-BE54-9A1E7A4F7556}") = "PersonalPortfolio.DataProviders.EuroFx", "PersonalPortfolio.DataProviders.EuroFx\PersonalPortfolio.DataProviders.EuroFx.csproj", "{309EDF6B-BA9A-4888-96CF-3BD912558F22}"
EndProject
Project("{9A19103F-16F7-4668-BE54-9A1E7A4F7556}") = "PersonalPortfolio.DbInitializer", "PersonalPortfolio.DbInitializer\PersonalPortfolio.DbInitializer.csproj", "{F2E546F0-F8DA-4E00-A95F-05C65A24EE47}"
EndProject
Project("{FAE04EC0-301F-11D3-BF4B-00C04F79EFBC}") = "PersonalPortfolio.DataProviders.Moex", "PersonalPortfolio.DataProviders.Moex\PersonalPortfolio.DataProviders.Moex.csproj", "{8541DD57-7FBA-4C03-8AAE-ECAF741719E8}"
EndProject
Project("{9A19103F-16F7-4668-BE54-9A1E7A4F7556}") = "PersonalPortfolio.PriceLoader", "PersonalPortfolio.PriceLoader\PersonalPortfolio.PriceLoader.csproj", "{A114BBC6-D082-4F97-8475-61BF4187C439}"
EndProject
Global
	GlobalSection(SolutionConfigurationPlatforms) = preSolution
		Debug|Any CPU = Debug|Any CPU
		Debug|x64 = Debug|x64
		Debug|x86 = Debug|x86
		Release|Any CPU = Release|Any CPU
		Release|x64 = Release|x64
		Release|x86 = Release|x86
	EndGlobalSection
	GlobalSection(ProjectConfigurationPlatforms) = postSolution
		{0F23DEF7-1AC3-4787-918D-D290EE60C24F}.Debug|Any CPU.ActiveCfg = Debug|Any CPU
		{0F23DEF7-1AC3-4787-918D-D290EE60C24F}.Debug|Any CPU.Build.0 = Debug|Any CPU
		{0F23DEF7-1AC3-4787-918D-D290EE60C24F}.Debug|x64.ActiveCfg = Debug|Any CPU
		{0F23DEF7-1AC3-4787-918D-D290EE60C24F}.Debug|x64.Build.0 = Debug|Any CPU
		{0F23DEF7-1AC3-4787-918D-D290EE60C24F}.Debug|x86.ActiveCfg = Debug|Any CPU
		{0F23DEF7-1AC3-4787-918D-D290EE60C24F}.Debug|x86.Build.0 = Debug|Any CPU
		{0F23DEF7-1AC3-4787-918D-D290EE60C24F}.Release|Any CPU.ActiveCfg = Release|Any CPU
		{0F23DEF7-1AC3-4787-918D-D290EE60C24F}.Release|Any CPU.Build.0 = Release|Any CPU
		{0F23DEF7-1AC3-4787-918D-D290EE60C24F}.Release|x64.ActiveCfg = Release|Any CPU
		{0F23DEF7-1AC3-4787-918D-D290EE60C24F}.Release|x64.Build.0 = Release|Any CPU
		{0F23DEF7-1AC3-4787-918D-D290EE60C24F}.Release|x86.ActiveCfg = Release|Any CPU
		{0F23DEF7-1AC3-4787-918D-D290EE60C24F}.Release|x86.Build.0 = Release|Any CPU
		{535EEB54-B1B2-4727-8647-958BD5CA8BFD}.Debug|Any CPU.ActiveCfg = Debug|Any CPU
		{535EEB54-B1B2-4727-8647-958BD5CA8BFD}.Debug|Any CPU.Build.0 = Debug|Any CPU
		{535EEB54-B1B2-4727-8647-958BD5CA8BFD}.Debug|x64.ActiveCfg = Debug|Any CPU
		{535EEB54-B1B2-4727-8647-958BD5CA8BFD}.Debug|x64.Build.0 = Debug|Any CPU
		{535EEB54-B1B2-4727-8647-958BD5CA8BFD}.Debug|x86.ActiveCfg = Debug|Any CPU
		{535EEB54-B1B2-4727-8647-958BD5CA8BFD}.Debug|x86.Build.0 = Debug|Any CPU
		{535EEB54-B1B2-4727-8647-958BD5CA8BFD}.Release|Any CPU.ActiveCfg = Release|Any CPU
		{535EEB54-B1B2-4727-8647-958BD5CA8BFD}.Release|Any CPU.Build.0 = Release|Any CPU
		{535EEB54-B1B2-4727-8647-958BD5CA8BFD}.Release|x64.ActiveCfg = Release|Any CPU
		{535EEB54-B1B2-4727-8647-958BD5CA8BFD}.Release|x64.Build.0 = Release|Any CPU
		{535EEB54-B1B2-4727-8647-958BD5CA8BFD}.Release|x86.ActiveCfg = Release|Any CPU
		{535EEB54-B1B2-4727-8647-958BD5CA8BFD}.Release|x86.Build.0 = Release|Any CPU
		{A3E1D995-5E61-40E4-A28A-7F4924682995}.Debug|Any CPU.ActiveCfg = Debug|Any CPU
		{A3E1D995-5E61-40E4-A28A-7F4924682995}.Debug|Any CPU.Build.0 = Debug|Any CPU
		{A3E1D995-5E61-40E4-A28A-7F4924682995}.Debug|x64.ActiveCfg = Debug|Any CPU
		{A3E1D995-5E61-40E4-A28A-7F4924682995}.Debug|x64.Build.0 = Debug|Any CPU
		{A3E1D995-5E61-40E4-A28A-7F4924682995}.Debug|x86.ActiveCfg = Debug|Any CPU
		{A3E1D995-5E61-40E4-A28A-7F4924682995}.Debug|x86.Build.0 = Debug|Any CPU
		{A3E1D995-5E61-40E4-A28A-7F4924682995}.Release|Any CPU.ActiveCfg = Release|Any CPU
		{A3E1D995-5E61-40E4-A28A-7F4924682995}.Release|Any CPU.Build.0 = Release|Any CPU
		{A3E1D995-5E61-40E4-A28A-7F4924682995}.Release|x64.ActiveCfg = Release|Any CPU
		{A3E1D995-5E61-40E4-A28A-7F4924682995}.Release|x64.Build.0 = Release|Any CPU
		{A3E1D995-5E61-40E4-A28A-7F4924682995}.Release|x86.ActiveCfg = Release|Any CPU
		{A3E1D995-5E61-40E4-A28A-7F4924682995}.Release|x86.Build.0 = Release|Any CPU
		{3B961518-A762-43DB-9766-C31808163A31}.Debug|Any CPU.ActiveCfg = Debug|Any CPU
		{3B961518-A762-43DB-9766-C31808163A31}.Debug|Any CPU.Build.0 = Debug|Any CPU
		{3B961518-A762-43DB-9766-C31808163A31}.Debug|x64.ActiveCfg = Debug|Any CPU
		{3B961518-A762-43DB-9766-C31808163A31}.Debug|x64.Build.0 = Debug|Any CPU
		{3B961518-A762-43DB-9766-C31808163A31}.Debug|x86.ActiveCfg = Debug|Any CPU
		{3B961518-A762-43DB-9766-C31808163A31}.Debug|x86.Build.0 = Debug|Any CPU
		{3B961518-A762-43DB-9766-C31808163A31}.Release|Any CPU.ActiveCfg = Release|Any CPU
		{3B961518-A762-43DB-9766-C31808163A31}.Release|Any CPU.Build.0 = Release|Any CPU
		{3B961518-A762-43DB-9766-C31808163A31}.Release|x64.ActiveCfg = Release|Any CPU
		{3B961518-A762-43DB-9766-C31808163A31}.Release|x64.Build.0 = Release|Any CPU
		{3B961518-A762-43DB-9766-C31808163A31}.Release|x86.ActiveCfg = Release|Any CPU
		{3B961518-A762-43DB-9766-C31808163A31}.Release|x86.Build.0 = Release|Any CPU
		{6FD67859-80D1-41DA-8716-8178B4F0DDFB}.Debug|Any CPU.ActiveCfg = Debug|Any CPU
		{6FD67859-80D1-41DA-8716-8178B4F0DDFB}.Debug|Any CPU.Build.0 = Debug|Any CPU
		{6FD67859-80D1-41DA-8716-8178B4F0DDFB}.Debug|x64.ActiveCfg = Debug|Any CPU
		{6FD67859-80D1-41DA-8716-8178B4F0DDFB}.Debug|x64.Build.0 = Debug|Any CPU
		{6FD67859-80D1-41DA-8716-8178B4F0DDFB}.Debug|x86.ActiveCfg = Debug|Any CPU
		{6FD67859-80D1-41DA-8716-8178B4F0DDFB}.Debug|x86.Build.0 = Debug|Any CPU
		{6FD67859-80D1-41DA-8716-8178B4F0DDFB}.Release|Any CPU.ActiveCfg = Release|Any CPU
		{6FD67859-80D1-41DA-8716-8178B4F0DDFB}.Release|Any CPU.Build.0 = Release|Any CPU
		{6FD67859-80D1-41DA-8716-8178B4F0DDFB}.Release|x64.ActiveCfg = Release|Any CPU
		{6FD67859-80D1-41DA-8716-8178B4F0DDFB}.Release|x64.Build.0 = Release|Any CPU
		{6FD67859-80D1-41DA-8716-8178B4F0DDFB}.Release|x86.ActiveCfg = Release|Any CPU
		{6FD67859-80D1-41DA-8716-8178B4F0DDFB}.Release|x86.Build.0 = Release|Any CPU
		{EDF364C4-2376-4D3C-BC09-D295DFB0DCA2}.Debug|Any CPU.ActiveCfg = Debug|Any CPU
		{EDF364C4-2376-4D3C-BC09-D295DFB0DCA2}.Debug|Any CPU.Build.0 = Debug|Any CPU
		{EDF364C4-2376-4D3C-BC09-D295DFB0DCA2}.Debug|x64.ActiveCfg = Debug|Any CPU
		{EDF364C4-2376-4D3C-BC09-D295DFB0DCA2}.Debug|x64.Build.0 = Debug|Any CPU
		{EDF364C4-2376-4D3C-BC09-D295DFB0DCA2}.Debug|x86.ActiveCfg = Debug|Any CPU
		{EDF364C4-2376-4D3C-BC09-D295DFB0DCA2}.Debug|x86.Build.0 = Debug|Any CPU
		{EDF364C4-2376-4D3C-BC09-D295DFB0DCA2}.Release|Any CPU.ActiveCfg = Release|Any CPU
		{EDF364C4-2376-4D3C-BC09-D295DFB0DCA2}.Release|Any CPU.Build.0 = Release|Any CPU
		{EDF364C4-2376-4D3C-BC09-D295DFB0DCA2}.Release|x64.ActiveCfg = Release|Any CPU
		{EDF364C4-2376-4D3C-BC09-D295DFB0DCA2}.Release|x64.Build.0 = Release|Any CPU
		{EDF364C4-2376-4D3C-BC09-D295DFB0DCA2}.Release|x86.ActiveCfg = Release|Any CPU
		{EDF364C4-2376-4D3C-BC09-D295DFB0DCA2}.Release|x86.Build.0 = Release|Any CPU
		{24DD98BE-7A47-46B6-BFBB-E2E95BEDF0BD}.Debug|Any CPU.ActiveCfg = Debug|Any CPU
		{24DD98BE-7A47-46B6-BFBB-E2E95BEDF0BD}.Debug|Any CPU.Build.0 = Debug|Any CPU
		{24DD98BE-7A47-46B6-BFBB-E2E95BEDF0BD}.Debug|x64.ActiveCfg = Debug|Any CPU
		{24DD98BE-7A47-46B6-BFBB-E2E95BEDF0BD}.Debug|x64.Build.0 = Debug|Any CPU
		{24DD98BE-7A47-46B6-BFBB-E2E95BEDF0BD}.Debug|x86.ActiveCfg = Debug|Any CPU
		{24DD98BE-7A47-46B6-BFBB-E2E95BEDF0BD}.Debug|x86.Build.0 = Debug|Any CPU
		{24DD98BE-7A47-46B6-BFBB-E2E95BEDF0BD}.Release|Any CPU.ActiveCfg = Release|Any CPU
		{24DD98BE-7A47-46B6-BFBB-E2E95BEDF0BD}.Release|Any CPU.Build.0 = Release|Any CPU
		{24DD98BE-7A47-46B6-BFBB-E2E95BEDF0BD}.Release|x64.ActiveCfg = Release|Any CPU
		{24DD98BE-7A47-46B6-BFBB-E2E95BEDF0BD}.Release|x64.Build.0 = Release|Any CPU
		{24DD98BE-7A47-46B6-BFBB-E2E95BEDF0BD}.Release|x86.ActiveCfg = Release|Any CPU
		{24DD98BE-7A47-46B6-BFBB-E2E95BEDF0BD}.Release|x86.Build.0 = Release|Any CPU
		{309EDF6B-BA9A-4888-96CF-3BD912558F22}.Debug|Any CPU.ActiveCfg = Debug|Any CPU
		{309EDF6B-BA9A-4888-96CF-3BD912558F22}.Debug|Any CPU.Build.0 = Debug|Any CPU
		{309EDF6B-BA9A-4888-96CF-3BD912558F22}.Debug|x64.ActiveCfg = Debug|Any CPU
		{309EDF6B-BA9A-4888-96CF-3BD912558F22}.Debug|x64.Build.0 = Debug|Any CPU
		{309EDF6B-BA9A-4888-96CF-3BD912558F22}.Debug|x86.ActiveCfg = Debug|Any CPU
		{309EDF6B-BA9A-4888-96CF-3BD912558F22}.Debug|x86.Build.0 = Debug|Any CPU
		{309EDF6B-BA9A-4888-96CF-3BD912558F22}.Release|Any CPU.ActiveCfg = Release|Any CPU
		{309EDF6B-BA9A-4888-96CF-3BD912558F22}.Release|Any CPU.Build.0 = Release|Any CPU
		{309EDF6B-BA9A-4888-96CF-3BD912558F22}.Release|x64.ActiveCfg = Release|Any CPU
		{309EDF6B-BA9A-4888-96CF-3BD912558F22}.Release|x64.Build.0 = Release|Any CPU
		{309EDF6B-BA9A-4888-96CF-3BD912558F22}.Release|x86.ActiveCfg = Release|Any CPU
		{309EDF6B-BA9A-4888-96CF-3BD912558F22}.Release|x86.Build.0 = Release|Any CPU
		{F2E546F0-F8DA-4E00-A95F-05C65A24EE47}.Debug|Any CPU.ActiveCfg = Debug|Any CPU
		{F2E546F0-F8DA-4E00-A95F-05C65A24EE47}.Debug|Any CPU.Build.0 = Debug|Any CPU
		{F2E546F0-F8DA-4E00-A95F-05C65A24EE47}.Debug|x64.ActiveCfg = Debug|Any CPU
		{F2E546F0-F8DA-4E00-A95F-05C65A24EE47}.Debug|x64.Build.0 = Debug|Any CPU
		{F2E546F0-F8DA-4E00-A95F-05C65A24EE47}.Debug|x86.ActiveCfg = Debug|Any CPU
		{F2E546F0-F8DA-4E00-A95F-05C65A24EE47}.Debug|x86.Build.0 = Debug|Any CPU
		{F2E546F0-F8DA-4E00-A95F-05C65A24EE47}.Release|Any CPU.ActiveCfg = Release|Any CPU
		{F2E546F0-F8DA-4E00-A95F-05C65A24EE47}.Release|Any CPU.Build.0 = Release|Any CPU
		{F2E546F0-F8DA-4E00-A95F-05C65A24EE47}.Release|x64.ActiveCfg = Release|Any CPU
		{F2E546F0-F8DA-4E00-A95F-05C65A24EE47}.Release|x64.Build.0 = Release|Any CPU
		{F2E546F0-F8DA-4E00-A95F-05C65A24EE47}.Release|x86.ActiveCfg = Release|Any CPU
		{F2E546F0-F8DA-4E00-A95F-05C65A24EE47}.Release|x86.Build.0 = Release|Any CPU
		{8541DD57-7FBA-4C03-8AAE-ECAF741719E8}.Debug|Any CPU.ActiveCfg = Debug|Any CPU
		{8541DD57-7FBA-4C03-8AAE-ECAF741719E8}.Debug|Any CPU.Build.0 = Debug|Any CPU
		{8541DD57-7FBA-4C03-8AAE-ECAF741719E8}.Debug|x64.ActiveCfg = Debug|Any CPU
		{8541DD57-7FBA-4C03-8AAE-ECAF741719E8}.Debug|x64.Build.0 = Debug|Any CPU
		{8541DD57-7FBA-4C03-8AAE-ECAF741719E8}.Debug|x86.ActiveCfg = Debug|Any CPU
		{8541DD57-7FBA-4C03-8AAE-ECAF741719E8}.Debug|x86.Build.0 = Debug|Any CPU
		{8541DD57-7FBA-4C03-8AAE-ECAF741719E8}.Release|Any CPU.ActiveCfg = Release|Any CPU
		{8541DD57-7FBA-4C03-8AAE-ECAF741719E8}.Release|Any CPU.Build.0 = Release|Any CPU
		{8541DD57-7FBA-4C03-8AAE-ECAF741719E8}.Release|x64.ActiveCfg = Release|Any CPU
		{8541DD57-7FBA-4C03-8AAE-ECAF741719E8}.Release|x64.Build.0 = Release|Any CPU
		{8541DD57-7FBA-4C03-8AAE-ECAF741719E8}.Release|x86.ActiveCfg = Release|Any CPU
		{8541DD57-7FBA-4C03-8AAE-ECAF741719E8}.Release|x86.Build.0 = Release|Any CPU
		{A114BBC6-D082-4F97-8475-61BF4187C439}.Debug|Any CPU.ActiveCfg = Debug|Any CPU
		{A114BBC6-D082-4F97-8475-61BF4187C439}.Debug|Any CPU.Build.0 = Debug|Any CPU
		{A114BBC6-D082-4F97-8475-61BF4187C439}.Debug|x64.ActiveCfg = Debug|Any CPU
		{A114BBC6-D082-4F97-8475-61BF4187C439}.Debug|x64.Build.0 = Debug|Any CPU
		{A114BBC6-D082-4F97-8475-61BF4187C439}.Debug|x86.ActiveCfg = Debug|Any CPU
		{A114BBC6-D082-4F97-8475-61BF4187C439}.Debug|x86.Build.0 = Debug|Any CPU
		{A114BBC6-D082-4F97-8475-61BF4187C439}.Release|Any CPU.ActiveCfg = Release|Any CPU
		{A114BBC6-D082-4F97-8475-61BF4187C439}.Release|Any CPU.Build.0 = Release|Any CPU
		{A114BBC6-D082-4F97-8475-61BF4187C439}.Release|x64.ActiveCfg = Release|Any CPU
		{A114BBC6-D082-4F97-8475-61BF4187C439}.Release|x64.Build.0 = Release|Any CPU
		{A114BBC6-D082-4F97-8475-61BF4187C439}.Release|x86.ActiveCfg = Release|Any CPU
		{A114BBC6-D082-4F97-8475-61BF4187C439}.Release|x86.Build.0 = Release|Any CPU
	EndGlobalSection
	GlobalSection(SolutionProperties) = preSolution
		HideSolutionNode = FALSE
	EndGlobalSection
	GlobalSection(ExtensibilityGlobals) = postSolution
		SolutionGuid = {B174B14A-922F-45D1-B91A-487E2E637E20}
	EndGlobalSection
EndGlobal
